Microsoft Visual Studio Solution File, Format Version 10.00
# Visual Studio 2008
Project("{8BC9CEB8-8B4A-11D0-8D11-00A0C91BC942}") = "LabelReader", "LabelReader.vcproj", "{B3825995-C3D7-4412-8BEA-CAC7AE175012}"
EndProject
Global
	GlobalSection(SolutionConfigurationPlatforms) = preSolution
		Debug|Win32 = Debug|Win32
		Release|Win32 = Release|Win32
	EndGlobalSection
	GlobalSection(ProjectConfigurationPlatforms) = postSolution
		{B3825995-C3D7-4412-8BEA-CAC7AE175012}.Debug|Win32.ActiveCfg = Debug|Win32
		{B3825995-C3D7-4412-8BEA-CAC7AE175012}.Debug|Win32.Build.0 = Debug|Win32
		{B3825995-C3D7-4412-8BEA-CAC7AE175012}.Release|Win32.ActiveCfg = Release|Win32
		{B3825995-C3D7-4412-8BEA-CAC7AE175012}.Release|Win32.Build.0 = Release|Win32
	EndGlobalSection
	GlobalSection(SolutionProperties) = preSolution
		HideSolutionNode = FALSE
	EndGlobalSection
EndGlobal
